{
  "name": "Courier Service Project",
  "lockfileVersion": 3,
  "requires": true,
  "packages": {
    "": {
      "dependencies": {
        "@googlemaps/js-api-loader": "^2.1.1",
        "next-nprogress-bar": "^2.4.7"
      }
    },
    "node_modules/@googlemaps/js-api-loader": {
      "version": "2.1.1",
      "resolved": "https://registry.npmjs.org/@googlemaps/js-api-loader/-/js-api-loader-2.1.1.tgz",
      "integrity": "sha512-yUpAwksbHrlZIWD49JmveNSfBG4oAK0AwMknfSaPMnP5N7UT8oFRVCqwjGb1XQovi//7KLbPQKZpbofiLGzpDw==",
      "license": "Apache-2.0",
      "dependencies": {
        "@types/google.maps": "^3.53.1"
      }
    },
    "node_modules/@types/google.maps": {
      "version": "3.65.2",
      "resolved": "https://registry.npmjs.org/@types/google.maps/-/google.maps-3.65.2.tgz",
      "integrity": "sha512-e52bmOhGCQSNabFpL48iQlwJybq6rfns8NUVJ20MR7CdPlHQ2RmSCnPbJfrUYJfogrE4OiHQTZ4LXpop+eer1w==",
      "license": "MIT"
    },
    "node_modules/next-nprogress-bar": {
      "version": "2.4.7",
      "resolved": "https://registry.npmjs.org/next-nprogress-bar/-/next-nprogress-bar-2.4.7.tgz",
      "integrity": "sha512-OeveNQYFBhQhZ+RgrDnvHNUEQfHCmipymmD4AfAVE9pFV4jeWi7/nNK5f0lIk7ODRrtjyyr/n2YpkRbs5kUoMg==",
      "license": "MIT",
      "dependencies": {
        "nprogress-v2": "^1.0.4"
      }
    },
    "node_modules/nprogress-v2": {
      "version": "1.1.10",
      "resolved": "https://registry.npmjs.org/nprogress-v2/-/nprogress-v2-1.1.10.tgz",
      "integrity": "sha512-MypWLNIPIM07SS0bAc/oac0vhVFz9vAHm7d1sj//Pnf3J03LQ3CuWrlDteIu6exq0fIvkDJ6tUDRWLaifsIt5w==",
      "license": "MIT"
    }
  }
}
